Microsoft Visual Studio Solution File, Format Version 11.00
# Visual Studio 2008

Project("{E1E48215-F7F5-5F28-B439-5A3B4663E9BE}") = "EditorProject", "Assembly-CSharp-vs.csproj", "{7A6585E2-08D6-8923-747B-329018A5B099}"
EndProject
Project("{E1E48215-F7F5-5F28-B439-5A3B4663E9BE}") = "EditorProject", "Assembly-CSharp-Editor-vs.csproj", "{8DC40EEA-2B7A-40A4-73B2-1FCA96953251}"
EndProject
Global
	GlobalSection(SolutionConfigurationPlatforms) = preSolution
		Debug|Any CPU = Debug|Any CPU
		Release|Any CPU = Release|Any CPU
	EndGlobalSection
	GlobalSection(ProjectConfigurationPlatforms) = postSolution
		{7A6585E2-08D6-8923-747B-329018A5B099}.Debug|Any CPU.ActiveCfg = Debug|Any CPU
		{7A6585E2-08D6-8923-747B-329018A5B099}.Debug|Any CPU.Build.0 = Debug|Any CPU
		{7A6585E2-08D6-8923-747B-329018A5B099}.Release|Any CPU.ActiveCfg = Release|Any CPU
		{7A6585E2-08D6-8923-747B-329018A5B099}.Release|Any CPU.Build.0 = Release|Any CPU
		{8DC40EEA-2B7A-40A4-73B2-1FCA96953251}.Debug|Any CPU.ActiveCfg = Debug|Any CPU
		{8DC40EEA-2B7A-40A4-73B2-1FCA96953251}.Debug|Any CPU.Build.0 = Debug|Any CPU
		{8DC40EEA-2B7A-40A4-73B2-1FCA96953251}.Release|Any CPU.ActiveCfg = Release|Any CPU
		{8DC40EEA-2B7A-40A4-73B2-1FCA96953251}.Release|Any CPU.Build.0 = Release|Any CPU
	EndGlobalSection
	GlobalSection(SolutionProperties) = preSolution
		HideSolutionNode = FALSE
	EndGlobalSection
																			GlobalSection(MonoDevelopProperties) = preSolution
		StartupItem = Assembly-CSharp.csproj
		Policies = $0
		$0.TextStylePolicy = $1
		$1.inheritsSet = null
		$1.scope = text/x-csharp
		$0.CSharpFormattingPolicy = $2
		$2.inheritsSet = Mono
		$2.inheritsScope = text/x-csharp
		$2.scope = text/x-csharp
		$0.TextStylePolicy = $3
		$3.FileWidth = 120
		$3.TabWidth = 4
		$3.EolMarker = Unix
		$3.inheritsSet = Mono
		$3.inheritsScope = text/plain
		$3.scope = text/plain
	EndGlobalSection

EndGlobal
